
Microsoft Visual Studio Solution File, Format Version 12.00
# Visual Studio Version 16
VisualStudioVersion = 16.0.30611.23
MinimumVisualStudioVersion = 10.0.40219.1
Project("{FAE04EC0-301F-11D3-BF4B-00C04F79EFBC}") = "ProductShop", "ProductShop\ProductShop.csproj", "{C2710F42-6F45-4639-B13E-D93ABC069C9A}"
EndProject
Global
	GlobalSection(SolutionConfigurationPlatforms) = preSolution
		Debug|Any CPU = Debug|Any CPU
		Release|Any CPU = Release|Any CPU
	EndGlobalSection
	GlobalSection(ProjectConfigurationPlatforms) = postSolution
		{C2710F42-6F45-4639-B13E-D93ABC069C9A}.Debug|Any CPU.ActiveCfg = Debug|Any CPU
		{C2710F42-6F45-4639-B13E-D93ABC069C9A}.Debug|Any CPU.Build.0 = Debug|Any CPU
		{C2710F42-6F45-4639-B13E-D93ABC069C9A}.Release|Any CPU.ActiveCfg = Release|Any CPU
		{C2710F42-6F45-4639-B13E-D93ABC069C9A}.Release|Any CPU.Build.0 = Release|Any CPU
	EndGlobalSection
	GlobalSection(SolutionProperties) = preSolution
		HideSolutionNode = FALSE
	EndGlobalSection
	GlobalSection(ExtensibilityGlobals) = postSolution
		SolutionGuid = {721A6EDD-5058-439B-840A-EB493D1B5B45}
	EndGlobalSection
EndGlobal
